
Microsoft Visual Studio Solution File, Format Version 12.00
# Visual Studio 2013
VisualStudioVersion = 12.0.40418.0
MinimumVisualStudioVersion = 10.0.40219.1
Project("{2150E333-8FDC-42A3-9474-1A3956D46DE8}") = "Data", "Data", "{F2E7F07D-0663-4298-B2E2-5ECBE3CA7FB2}"
EndProject
Project("{2150E333-8FDC-42A3-9474-1A3956D46DE8}") = "Web", "Web", "{713E58C6-D800-4AEA-A7DA-BF7E58BA41E5}"
EndProject
Project("{2150E333-8FDC-42A3-9474-1A3956D46DE8}") = "Tests", "Tests", "{AE385FC5-E17C-4AB4-9432-3F344F48742B}"
EndProject
Project("{2150E333-8FDC-42A3-9474-1A3956D46DE8}") = "External Libraries", "External Libraries", "{106E6FAD-75CE-41E9-A0E0-EDCBBA520920}"
EndProject
Project("{FAE04EC0-301F-11D3-BF4B-00C04F79EFBC}") = "Twitter.Models", "Twitter.Models\Twitter.Models.csproj", "{38D8B71B-9394-44E9-A474-3F57D30CE434}"
EndProject
Project("{FAE04EC0-301F-11D3-BF4B-00C04F79EFBC}") = "Twitter.Data", "Twitter.Data\Twitter.Data.csproj", "{C8DCDA9B-2CCC-41E7-8AE0-3AEF0BA293C2}"
EndProject
Project("{2150E333-8FDC-42A3-9474-1A3956D46DE8}") = "Repositories", "Repositories", "{0352C037-4698-4A14-81E9-7C032C52E5B6}"
EndProject
Project("{2150E333-8FDC-42A3-9474-1A3956D46DE8}") = "UnitOfWork", "UnitOfWork", "{97780DC3-2C75-40E6-A95C-E2A220F8EE06}"
EndProject
Project("{FAE04EC0-301F-11D3-BF4B-00C04F79EFBC}") = "TwitterWeb", "TwitterWeb\TwitterWeb.csproj", "{CDCAB91C-C260-4E0D-BF28-642DC7056DB5}"
EndProject
Global
	GlobalSection(SolutionConfigurationPlatforms) = preSolution
		Debug|Any CPU = Debug|Any CPU
		Release|Any CPU = Release|Any CPU
	EndGlobalSection
	GlobalSection(ProjectConfigurationPlatforms) = postSolution
		{38D8B71B-9394-44E9-A474-3F57D30CE434}.Debug|Any CPU.ActiveCfg = Debug|Any CPU
		{38D8B71B-9394-44E9-A474-3F57D30CE434}.Debug|Any CPU.Build.0 = Debug|Any CPU
		{38D8B71B-9394-44E9-A474-3F57D30CE434}.Release|Any CPU.ActiveCfg = Release|Any CPU
		{38D8B71B-9394-44E9-A474-3F57D30CE434}.Release|Any CPU.Build.0 = Release|Any CPU
		{C8DCDA9B-2CCC-41E7-8AE0-3AEF0BA293C2}.Debug|Any CPU.ActiveCfg = Debug|Any CPU
		{C8DCDA9B-2CCC-41E7-8AE0-3AEF0BA293C2}.Debug|Any CPU.Build.0 = Debug|Any CPU
		{C8DCDA9B-2CCC-41E7-8AE0-3AEF0BA293C2}.Release|Any CPU.ActiveCfg = Release|Any CPU
		{C8DCDA9B-2CCC-41E7-8AE0-3AEF0BA293C2}.Release|Any CPU.Build.0 = Release|Any CPU
		{CDCAB91C-C260-4E0D-BF28-642DC7056DB5}.Debug|Any CPU.ActiveCfg = Debug|Any CPU
		{CDCAB91C-C260-4E0D-BF28-642DC7056DB5}.Debug|Any CPU.Build.0 = Debug|Any CPU
		{CDCAB91C-C260-4E0D-BF28-642DC7056DB5}.Release|Any CPU.ActiveCfg = Release|Any CPU
		{CDCAB91C-C260-4E0D-BF28-642DC7056DB5}.Release|Any CPU.Build.0 = Release|Any CPU
	EndGlobalSection
	GlobalSection(SolutionProperties) = preSolution
		HideSolutionNode = FALSE
	EndGlobalSection
	GlobalSection(NestedProjects) = preSolution
		{38D8B71B-9394-44E9-A474-3F57D30CE434} = {F2E7F07D-0663-4298-B2E2-5ECBE3CA7FB2}
		{C8DCDA9B-2CCC-41E7-8AE0-3AEF0BA293C2} = {F2E7F07D-0663-4298-B2E2-5ECBE3CA7FB2}
		{0352C037-4698-4A14-81E9-7C032C52E5B6} = {F2E7F07D-0663-4298-B2E2-5ECBE3CA7FB2}
		{97780DC3-2C75-40E6-A95C-E2A220F8EE06} = {F2E7F07D-0663-4298-B2E2-5ECBE3CA7FB2}
		{CDCAB91C-C260-4E0D-BF28-642DC7056DB5} = {713E58C6-D800-4AEA-A7DA-BF7E58BA41E5}
	EndGlobalSection
EndGlobal
